
Microsoft Visual Studio Solution File, Format Version 12.00
# Visual Studio Version 16
VisualStudioVersion = 16.0.29519.87
MinimumVisualStudioVersion = 10.0.40219.1
Project("{9A19103F-16F7-4668-BE54-9A1E7A4F7556}") = "Eventfully.Core", "src\Eventfully.Core\Eventfully.Core.csproj", "{1FAC3CE3-1717-4D75-A4C8-BEFFE80A04E6}"
EndProject
Project("{9A19103F-16F7-4668-BE54-9A1E7A4F7556}") = "Eventfully.EFCoreOutbox", "src\Eventfully.EFCoreOutbox\Eventfully.EFCoreOutbox.csproj", "{6158EF90-48CF-4EC8-B1B3-6CFEECD9FB2D}"
EndProject
Project("{9A19103F-16F7-4668-BE54-9A1E7A4F7556}") = "Eventfully.Transports.AzureServiceBus", "src\Eventfully.Transports.AzureServiceBus\Eventfully.Transports.AzureServiceBus.csproj", "{798BAC3B-3B1F-4D1D-88F6-7BD94F26B327}"
EndProject
Project("{9A19103F-16F7-4668-BE54-9A1E7A4F7556}") = "Eventfully.AzureKeyVault", "src\Eventfully.AzureKeyVault\Eventfully.AzureKeyVault.csproj", "{A30B64F1-103F-43B5-8050-BE13F6B38501}"
EndProject
Project("{2150E333-8FDC-42A3-9474-1A3956D46DE8}") = "samples", "samples", "{D5903F9F-4781-48F3-8871-2EF83DDEEFBC}"
EndProject
Project("{2150E333-8FDC-42A3-9474-1A3956D46DE8}") = "tests", "tests", "{4B2CB6B5-234C-4E71-B21F-521447B7A78B}"
EndProject
Project("{2150E333-8FDC-42A3-9474-1A3956D46DE8}") = "EFCore", "EFCore", "{8309B347-86AF-4211-84ED-779F6E31CD1C}"
EndProject
Project("{9A19103F-16F7-4668-BE54-9A1E7A4F7556}") = "Eventfully.Samples.ConsoleApp", "samples\EFCore\Eventfully.Samples.ConsoleApp\Eventfully.Samples.ConsoleApp.csproj", "{05AD897F-43E7-4F71-975F-0D70EF1B8405}"
EndProject
Project("{9A19103F-16F7-4668-BE54-9A1E7A4F7556}") = "_build", "build\_build.csproj", "{E080DA4C-4921-4EF7-A699-9E616C25AF82}"
EndProject
Project("{9A19103F-16F7-4668-BE54-9A1E7A4F7556}") = "Eventfully.EFCoreOutbox.UnitTests", "tests\Eventfully.EFCoreOutbox.UnitTests\Eventfully.EFCoreOutbox.UnitTests.csproj", "{6E3687B3-AD59-4FFA-95C4-77BB8284B96E}"
EndProject
Project("{9A19103F-16F7-4668-BE54-9A1E7A4F7556}") = "Eventfully.EFCoreOutbox.IntegrationTests", "tests\Eventfully.EFCoreOutbox.IntegrationTests\Eventfully.EFCoreOutbox.IntegrationTests.csproj", "{E5227AD4-DFA2-474B-B81C-A036A8F00F9F}"
EndProject
Project("{9A19103F-16F7-4668-BE54-9A1E7A4F7556}") = "Eventfully.Core.UnitTests", "tests\Eventfully.Core.UnitTests\Eventfully.Core.UnitTests.csproj", "{8A1EED48-E189-407E-AEBF-C403E014B594}"
EndProject
Project("{9A19103F-16F7-4668-BE54-9A1E7A4F7556}") = "Eventfully.Extensions.Microsoft.DependencyInjection", "src\Eventfully.MicrosoftDependencyInjection\Eventfully.Extensions.Microsoft.DependencyInjection.csproj", "{A8F0B2BF-B84C-4607-93DC-EEA6412ADC06}"
EndProject
Project("{9A19103F-16F7-4668-BE54-9A1E7A4F7556}") = "Eventfully.Samples.AzureServiceBus.ConsoleApp", "samples\EFCore\Eventfully.Samples.AzureServiceBus.ConsoleApp\Eventfully.Samples.AzureServiceBus.ConsoleApp.csproj", "{1B3FC46C-4751-44EE-B210-5A58B5EF42C5}"
EndProject
Project("{9A19103F-16F7-4668-BE54-9A1E7A4F7556}") = "Eventfully.Transports.AzureServiceBus.IntegrationTests", "tests\Eventfully.Transports.AzureServiceBus.IntegrationTests\Eventfully.Transports.AzureServiceBus.IntegrationTests.csproj", "{332714E8-A324-47CF-855C-321D432BCA0D}"
EndProject
Project("{9A19103F-16F7-4668-BE54-9A1E7A4F7556}") = "Eventfully.Transports.AzureServiceBus.UnitTests", "tests\Eventfully.Transports.AzureServiceBus.UnitTests.UnitTests\Eventfully.Transports.AzureServiceBus.UnitTests.csproj", "{4F9C0E0A-D4C3-46E4-BF57-AADE5B108BBD}"
EndProject
Project("{9A19103F-16F7-4668-BE54-9A1E7A4F7556}") = "Eventfully.Semaphore.SqlServer", "src\Eventfully.Semaphore.SqlServer\Eventfully.Semaphore.SqlServer.csproj", "{3C31D9F3-EBD3-427C-8A9D-A4D6570A0F04}"
EndProject
Project("{9A19103F-16F7-4668-BE54-9A1E7A4F7556}") = "Eventfully.Semaphore.SqlServer.IntegrationTests", "tests\Eventfully.Semaphore.SqlServer.IntegrationTests\Eventfully.Semaphore.SqlServer.IntegrationTests.csproj", "{1598DEF4-6814-4FA2-8E99-C60DC7716DA8}"
EndProject
Project("{FAE04EC0-301F-11D3-BF4B-00C04F79EFBC}") = "Eventfully.Core.Analyzers", "src\Eventfully.Core.Analyzers\Eventfully.Core.Analyzers\Eventfully.Core.Analyzers.csproj", "{5C0B7602-E562-4EAC-B46F-52D99E196E0D}"
EndProject
Project("{FAE04EC0-301F-11D3-BF4B-00C04F79EFBC}") = "Eventfully.Core.Analyzers.Test", "src\Eventfully.Core.Analyzers\Eventfully.Core.Analyzers.Test\Eventfully.Core.Analyzers.Test.csproj", "{44F1D95B-7DCE-4693-A407-9AF64B1AAF24}"
EndProject
Project("{FAE04EC0-301F-11D3-BF4B-00C04F79EFBC}") = "Eventfully.Core.Analyzers.Vsix", "src\Eventfully.Core.Analyzers\Eventfully.Core.Analyzers.Vsix\Eventfully.Core.Analyzers.Vsix.csproj", "{8DE2E3AD-9F5D-454E-86A9-2D68519737A0}"
EndProject
Global
	GlobalSection(SolutionConfigurationPlatforms) = preSolution
		Debug|Any CPU = Debug|Any CPU
		Release|Any CPU = Release|Any CPU
	EndGlobalSection
	GlobalSection(ProjectConfigurationPlatforms) = postSolution
		{1FAC3CE3-1717-4D75-A4C8-BEFFE80A04E6}.Debug|Any CPU.ActiveCfg = Debug|Any CPU
		{1FAC3CE3-1717-4D75-A4C8-BEFFE80A04E6}.Debug|Any CPU.Build.0 = Debug|Any CPU
		{1FAC3CE3-1717-4D75-A4C8-BEFFE80A04E6}.Release|Any CPU.ActiveCfg = Release|Any CPU
		{1FAC3CE3-1717-4D75-A4C8-BEFFE80A04E6}.Release|Any CPU.Build.0 = Release|Any CPU
		{6158EF90-48CF-4EC8-B1B3-6CFEECD9FB2D}.Debug|Any CPU.ActiveCfg = Debug|Any CPU
		{6158EF90-48CF-4EC8-B1B3-6CFEECD9FB2D}.Debug|Any CPU.Build.0 = Debug|Any CPU
		{6158EF90-48CF-4EC8-B1B3-6CFEECD9FB2D}.Release|Any CPU.ActiveCfg = Release|Any CPU
		{6158EF90-48CF-4EC8-B1B3-6CFEECD9FB2D}.Release|Any CPU.Build.0 = Release|Any CPU
		{798BAC3B-3B1F-4D1D-88F6-7BD94F26B327}.Debug|Any CPU.ActiveCfg = Debug|Any CPU
		{798BAC3B-3B1F-4D1D-88F6-7BD94F26B327}.Debug|Any CPU.Build.0 = Debug|Any CPU
		{798BAC3B-3B1F-4D1D-88F6-7BD94F26B327}.Release|Any CPU.ActiveCfg = Release|Any CPU
		{798BAC3B-3B1F-4D1D-88F6-7BD94F26B327}.Release|Any CPU.Build.0 = Release|Any CPU
		{A30B64F1-103F-43B5-8050-BE13F6B38501}.Debug|Any CPU.ActiveCfg = Debug|Any CPU
		{A30B64F1-103F-43B5-8050-BE13F6B38501}.Debug|Any CPU.Build.0 = Debug|Any CPU
		{A30B64F1-103F-43B5-8050-BE13F6B38501}.Release|Any CPU.ActiveCfg = Release|Any CPU
		{A30B64F1-103F-43B5-8050-BE13F6B38501}.Release|Any CPU.Build.0 = Release|Any CPU
		{05AD897F-43E7-4F71-975F-0D70EF1B8405}.Debug|Any CPU.ActiveCfg = Debug|Any CPU
		{05AD897F-43E7-4F71-975F-0D70EF1B8405}.Debug|Any CPU.Build.0 = Debug|Any CPU
		{05AD897F-43E7-4F71-975F-0D70EF1B8405}.Release|Any CPU.ActiveCfg = Release|Any CPU
		{05AD897F-43E7-4F71-975F-0D70EF1B8405}.Release|Any CPU.Build.0 = Release|Any CPU
		{E080DA4C-4921-4EF7-A699-9E616C25AF82}.Debug|Any CPU.ActiveCfg = Debug|Any CPU
		{E080DA4C-4921-4EF7-A699-9E616C25AF82}.Release|Any CPU.ActiveCfg = Release|Any CPU
		{6E3687B3-AD59-4FFA-95C4-77BB8284B96E}.Debug|Any CPU.ActiveCfg = Debug|Any CPU
		{6E3687B3-AD59-4FFA-95C4-77BB8284B96E}.Debug|Any CPU.Build.0 = Debug|Any CPU
		{6E3687B3-AD59-4FFA-95C4-77BB8284B96E}.Release|Any CPU.ActiveCfg = Release|Any CPU
		{6E3687B3-AD59-4FFA-95C4-77BB8284B96E}.Release|Any CPU.Build.0 = Release|Any CPU
		{E5227AD4-DFA2-474B-B81C-A036A8F00F9F}.Debug|Any CPU.ActiveCfg = Debug|Any CPU
		{E5227AD4-DFA2-474B-B81C-A036A8F00F9F}.Debug|Any CPU.Build.0 = Debug|Any CPU
		{E5227AD4-DFA2-474B-B81C-A036A8F00F9F}.Release|Any CPU.ActiveCfg = Release|Any CPU
		{E5227AD4-DFA2-474B-B81C-A036A8F00F9F}.Release|Any CPU.Build.0 = Release|Any CPU
		{8A1EED48-E189-407E-AEBF-C403E014B594}.Debug|Any CPU.ActiveCfg = Debug|Any CPU
		{8A1EED48-E189-407E-AEBF-C403E014B594}.Debug|Any CPU.Build.0 = Debug|Any CPU
		{8A1EED48-E189-407E-AEBF-C403E014B594}.Release|Any CPU.ActiveCfg = Release|Any CPU
		{8A1EED48-E189-407E-AEBF-C403E014B594}.Release|Any CPU.Build.0 = Release|Any CPU
		{A8F0B2BF-B84C-4607-93DC-EEA6412ADC06}.Debug|Any CPU.ActiveCfg = Debug|Any CPU
		{A8F0B2BF-B84C-4607-93DC-EEA6412ADC06}.Debug|Any CPU.Build.0 = Debug|Any CPU
		{A8F0B2BF-B84C-4607-93DC-EEA6412ADC06}.Release|Any CPU.ActiveCfg = Release|Any CPU
		{A8F0B2BF-B84C-4607-93DC-EEA6412ADC06}.Release|Any CPU.Build.0 = Release|Any CPU
		{1B3FC46C-4751-44EE-B210-5A58B5EF42C5}.Debug|Any CPU.ActiveCfg = Debug|Any CPU
		{1B3FC46C-4751-44EE-B210-5A58B5EF42C5}.Debug|Any CPU.Build.0 = Debug|Any CPU
		{1B3FC46C-4751-44EE-B210-5A58B5EF42C5}.Release|Any CPU.ActiveCfg = Release|Any CPU
		{1B3FC46C-4751-44EE-B210-5A58B5EF42C5}.Release|Any CPU.Build.0 = Release|Any CPU
		{332714E8-A324-47CF-855C-321D432BCA0D}.Debug|Any CPU.ActiveCfg = Debug|Any CPU
		{332714E8-A324-47CF-855C-321D432BCA0D}.Debug|Any CPU.Build.0 = Debug|Any CPU
		{332714E8-A324-47CF-855C-321D432BCA0D}.Release|Any CPU.ActiveCfg = Release|Any CPU
		{332714E8-A324-47CF-855C-321D432BCA0D}.Release|Any CPU.Build.0 = Release|Any CPU
		{4F9C0E0A-D4C3-46E4-BF57-AADE5B108BBD}.Debug|Any CPU.ActiveCfg = Debug|Any CPU
		{4F9C0E0A-D4C3-46E4-BF57-AADE5B108BBD}.Debug|Any CPU.Build.0 = Debug|Any CPU
		{4F9C0E0A-D4C3-46E4-BF57-AADE5B108BBD}.Release|Any CPU.ActiveCfg = Release|Any CPU
		{4F9C0E0A-D4C3-46E4-BF57-AADE5B108BBD}.Release|Any CPU.Build.0 = Release|Any CPU
		{3C31D9F3-EBD3-427C-8A9D-A4D6570A0F04}.Debug|Any CPU.ActiveCfg = Debug|Any CPU
		{3C31D9F3-EBD3-427C-8A9D-A4D6570A0F04}.Debug|Any CPU.Build.0 = Debug|Any CPU
		{3C31D9F3-EBD3-427C-8A9D-A4D6570A0F04}.Release|Any CPU.ActiveCfg = Release|Any CPU
		{3C31D9F3-EBD3-427C-8A9D-A4D6570A0F04}.Release|Any CPU.Build.0 = Release|Any CPU
		{1598DEF4-6814-4FA2-8E99-C60DC7716DA8}.Debug|Any CPU.ActiveCfg = Debug|Any CPU
		{1598DEF4-6814-4FA2-8E99-C60DC7716DA8}.Debug|Any CPU.Build.0 = Debug|Any CPU
		{1598DEF4-6814-4FA2-8E99-C60DC7716DA8}.Release|Any CPU.ActiveCfg = Release|Any CPU
		{1598DEF4-6814-4FA2-8E99-C60DC7716DA8}.Release|Any CPU.Build.0 = Release|Any CPU
		{5C0B7602-E562-4EAC-B46F-52D99E196E0D}.Debug|Any CPU.ActiveCfg = Debug|Any CPU
		{5C0B7602-E562-4EAC-B46F-52D99E196E0D}.Debug|Any CPU.Build.0 = Debug|Any CPU
		{5C0B7602-E562-4EAC-B46F-52D99E196E0D}.Release|Any CPU.ActiveCfg = Release|Any CPU
		{5C0B7602-E562-4EAC-B46F-52D99E196E0D}.Release|Any CPU.Build.0 = Release|Any CPU
		{44F1D95B-7DCE-4693-A407-9AF64B1AAF24}.Debug|Any CPU.ActiveCfg = Debug|Any CPU
		{44F1D95B-7DCE-4693-A407-9AF64B1AAF24}.Debug|Any CPU.Build.0 = Debug|Any CPU
		{44F1D95B-7DCE-4693-A407-9AF64B1AAF24}.Release|Any CPU.ActiveCfg = Release|Any CPU
		{44F1D95B-7DCE-4693-A407-9AF64B1AAF24}.Release|Any CPU.Build.0 = Release|Any CPU
		{8DE2E3AD-9F5D-454E-86A9-2D68519737A0}.Debug|Any CPU.ActiveCfg = Debug|Any CPU
		{8DE2E3AD-9F5D-454E-86A9-2D68519737A0}.Debug|Any CPU.Build.0 = Debug|Any CPU
		{8DE2E3AD-9F5D-454E-86A9-2D68519737A0}.Release|Any CPU.ActiveCfg = Release|Any CPU
		{8DE2E3AD-9F5D-454E-86A9-2D68519737A0}.Release|Any CPU.Build.0 = Release|Any CPU
	EndGlobalSection
	GlobalSection(SolutionProperties) = preSolution
		HideSolutionNode = FALSE
	EndGlobalSection
	GlobalSection(NestedProjects) = preSolution
		{8309B347-86AF-4211-84ED-779F6E31CD1C} = {D5903F9F-4781-48F3-8871-2EF83DDEEFBC}
		{05AD897F-43E7-4F71-975F-0D70EF1B8405} = {8309B347-86AF-4211-84ED-779F6E31CD1C}
		{6E3687B3-AD59-4FFA-95C4-77BB8284B96E} = {4B2CB6B5-234C-4E71-B21F-521447B7A78B}
		{E5227AD4-DFA2-474B-B81C-A036A8F00F9F} = {4B2CB6B5-234C-4E71-B21F-521447B7A78B}
		{8A1EED48-E189-407E-AEBF-C403E014B594} = {4B2CB6B5-234C-4E71-B21F-521447B7A78B}
		{1B3FC46C-4751-44EE-B210-5A58B5EF42C5} = {8309B347-86AF-4211-84ED-779F6E31CD1C}
		{332714E8-A324-47CF-855C-321D432BCA0D} = {4B2CB6B5-234C-4E71-B21F-521447B7A78B}
		{4F9C0E0A-D4C3-46E4-BF57-AADE5B108BBD} = {4B2CB6B5-234C-4E71-B21F-521447B7A78B}
		{1598DEF4-6814-4FA2-8E99-C60DC7716DA8} = {4B2CB6B5-234C-4E71-B21F-521447B7A78B}
		{44F1D95B-7DCE-4693-A407-9AF64B1AAF24} = {4B2CB6B5-234C-4E71-B21F-521447B7A78B}
	EndGlobalSection
	GlobalSection(ExtensibilityGlobals) = postSolution
		SolutionGuid = {4F1C7EF5-369B-4779-A5EA-0CE3CD2250DE}
	EndGlobalSection
EndGlobal
